PODS:
  - file_picker (0.0.1):
    - FlutterMacOS
  - flutter_webrtc (1.6.2):
    - FlutterMacOS
    - WebRTC-SDK (= 150.7871.01)
  - FlutterMacOS (1.0.0)
  - WebRTC-SDK (150.7871.01)

DEPENDENCIES:
  - file_picker (from `Flutter/ephemeral/.symlinks/plugins/file_picker/macos`)
  - flutter_webrtc (from `Flutter/ephemeral/.symlinks/plugins/flutter_webrtc/macos`)
  - FlutterMacOS (from `Flutter/ephemeral`)

SPEC REPOS:
  trunk:
    - WebRTC-SDK

EXTERNAL SOURCES:
  file_picker:
    :path: Flutter/ephemeral/.symlinks/plugins/file_picker/macos
  flutter_webrtc:
    :path: Flutter/ephemeral/.symlinks/plugins/flutter_webrtc/macos
  FlutterMacOS:
    :path: Flutter/ephemeral

SPEC CHECKSUMS:
  file_picker: e716a70a9fe5fd9e09ebc922d7541464289443af
  flutter_webrtc: 8c2ed7ad05aacb54f592f321203b833c7972f68f
  FlutterMacOS: d0db08ddef1a9af05a5ec4b724367152bb0500b1
  WebRTC-SDK: 7dc931c64c00c735a614382f1a59cf65019c3c17

PODFILE CHECKSUM: 54d867c82ac51cbd61b565781b9fada492027009

COCOAPODS: 1.16.2
